<?xml version="1.0" encoding="utf-8"?>
<Project ToolsVersion="4.0" xmlns="http://schemas.microsoft.com/developer/msbuild/2003">
  <ItemGroup>
    <Filter Include="src">
      <UniqueIdentifier>{c001396f-e595-408c-974b-a41708e65401}</UniqueIdentifier>
    </Filter>
    <Filter Include="tests">
      <UniqueIdentifier>{0059d92b-7360-4ff8-a5b4-8d715b4eee59}</UniqueIdentifier>
    </Filter>
    <Filter Include="gtest">
      <UniqueIdentifier>{8687ac4e-7d1b-441f-8855-4acb754db45e}</UniqueIdentifier>
    </Filter>
  </ItemGroup>
  <ItemGroup>
    <ClCompile Include="src/kyuubi_test.cpp">
      <Filter>src</Filter>
    </ClCompile>
    <ClCompile Include="src/pch.cpp">
      <Filter>src</Filter>
    </ClCompile>
    <ClCompile Include="..\..\gtest\src\gtest-all.cc">
      <Filter>gtest</Filter>
    </ClCompile>
    <ClCompile Include="tests\kyuubi_unittest.cpp">
      <Filter>tests</Filter>
    </ClCompile>
  </ItemGroup>
  <ItemGroup>
    <ClInclude Include="src/pch.h">
      <Filter>src</Filter>
    </ClInclude>
  </ItemGroup>
</Project>